// !$*UTF8*$!
{
	archiveVersion = 1;
	classes = {
	};
	objectVersion = 50;
	objects = {

/* Begin PBXBuildFile section */
		C314602C25BC395900D4246F /* GigPDFView.swift in Sources */ = {isa = PBXBuildFile; fileRef = C314602B25BC395900D4246F /* GigPDFView.swift */; };
		C314603125BC5D1700D4246F /* GigSongPDFView.swift in Sources */ = {isa = PBXBuildFile; fileRef = C314603025BC5D1700D4246F /* GigSongPDFView.swift */; };
		C314603625BC9A7D00D4246F /* GigPresentationView.swift in Sources */ = {isa = PBXBuildFile; fileRef = C314603525BC9A7D00D4246F /* GigPresentationView.swift */; };
		C31D403F25B63492009A3EF7 /* BookPresentationView.swift in Sources */ = {isa = PBXBuildFile; fileRef = C31D403E25B63492009A3EF7 /* BookPresentationView.swift */; };
		C32B21ED25F65DF500CA61AE /* AllTitelsView.swift in Sources */ = {isa = PBXBuildFile; fileRef = C32B21EC25F65DF500CA61AE /* AllTitelsView.swift */; };
		C32B21F325F6610100CA61AE /* AllTitelsPDFView.swift in Sources */ = {isa = PBXBuildFile; fileRef = C32B21F225F6610100CA61AE /* AllTitelsPDFView.swift */; };
		C32B21FB25F666D800CA61AE /* AllTitelsLiestView.swift in Sources */ = {isa = PBXBuildFile; fileRef = C32B21FA25F666D800CA61AE /* AllTitelsLiestView.swift */; };
		C32F80CF25C2FC7800F8264C /* PDFViewController.swift in Sources */ = {isa = PBXBuildFile; fileRef = C32F80CE25C2FC7800F8264C /* PDFViewController.swift */; };
		C32F80D425C3037000F8264C /* PDFPresentationView.swift in Sources */ = {isa = PBXBuildFile; fileRef = C32F80D325C3037000F8264C /* PDFPresentationView.swift */; };
		C330491D25ED3BD60004B31C /* SelectTitelForNewCollectionView.swift in Sources */ = {isa = PBXBuildFile; fileRef = C330491C25ED3BD60004B31C /* SelectTitelForNewCollectionView.swift */; };
		C33E56E325EC088E0098A5C9 /* Titles.swift in Sources */ = {isa = PBXBuildFile; fileRef = C33E56E225EC088E0098A5C9 /* Titles.swift */; };
		C33E56E825EC23B10098A5C9 /* AddCollectionView.swift in Sources */ = {isa = PBXBuildFile; fileRef = C33E56E725EC23B10098A5C9 /* AddCollectionView.swift */; };
		C342EF2125B463060004FD38 /* CampfirePDFView.swift in Sources */ = {isa = PBXBuildFile; fileRef = C342EF2025B463060004FD38 /* CampfirePDFView.swift */; };
		C342EF2625B463DC0004FD38 /* PDFKitCampireView.swift in Sources */ = {isa = PBXBuildFile; fileRef = C342EF2525B463DC0004FD38 /* PDFKitCampireView.swift */; };
		C347944F25EEAB0B00C44DE0 /* AddTitelRowView.swift in Sources */ = {isa = PBXBuildFile; fileRef = C347944E25EEAB0B00C44DE0 /* AddTitelRowView.swift */; };
		C347945425EEE87400C44DE0 /* AddTitelPresentationView.swift in Sources */ = {isa = PBXBuildFile; fileRef = C347945325EEE87400C44DE0 /* AddTitelPresentationView.swift */; };
		C358570825F7967100EC7957 /* CollectionListView.swift in Sources */ = {isa = PBXBuildFile; fileRef = C358570725F7967100EC7957 /* CollectionListView.swift */; };
		C358570D25F7990000EC7957 /* CollectionEditListView.swift in Sources */ = {isa = PBXBuildFile; fileRef = C358570C25F7990000EC7957 /* CollectionEditListView.swift */; };
		C365A33E25E5AD750021D00F /* Localizable.strings in Resources */ = {isa = PBXBuildFile; fileRef = C365A34025E5AD750021D00F /* Localizable.strings */; };
		C36A6E6425AEEFA4005EB5F1 /* BookView.swift in Sources */ = {isa = PBXBuildFile; fileRef = C36A6E6325AEEFA4005EB5F1 /* BookView.swift */; };
		C36A6E6925AEF7AE005EB5F1 /* BookInfoView.swift in Sources */ = {isa = PBXBuildFile; fileRef = C36A6E6825AEF7AE005EB5F1 /* BookInfoView.swift */; };
		C36A6E6E25AEFD59005EB5F1 /* BookPDFView.swift in Sources */ = {isa = PBXBuildFile; fileRef = C36A6E6D25AEFD59005EB5F1 /* BookPDFView.swift */; };
		C36A6E7325AEFE0E005EB5F1 /* PDFKitBookView.swift in Sources */ = {isa = PBXBuildFile; fileRef = C36A6E7225AEFE0D005EB5F1 /* PDFKitBookView.swift */; };
		C36A6E7B25AF4E4E005EB5F1 /* BookSongCollectionView.swift in Sources */ = {isa = PBXBuildFile; fileRef = C36A6E7A25AF4E4E005EB5F1 /* BookSongCollectionView.swift */; };
		C36A6E8925AF691A005EB5F1 /* AddSongPopoverView.swift in Sources */ = {isa = PBXBuildFile; fileRef = C36A6E8825AF691A005EB5F1 /* AddSongPopoverView.swift */; };
		C374B05A25F249C700FEF78C /* CollectionPDFView.swift in Sources */ = {isa = PBXBuildFile; fileRef = C374B05925F249C700FEF78C /* CollectionPDFView.swift */; };
		C379904125B34DD400D58D28 /* CampfireView.swift in Sources */ = {isa = PBXBuildFile; fileRef = C379904025B34DD400D58D28 /* CampfireView.swift */; };
		C379904A25B34E3700D58D28 /* AllSongsView.swift in Sources */ = {isa = PBXBuildFile; fileRef = C379904925B34E3700D58D28 /* AllSongsView.swift */; };
		C37998E825D16BF300B36BA1 /* StoreKit.framework in Frameworks */ = {isa = PBXBuildFile; fileRef = C37998E725D16BF300B36BA1 /* StoreKit.framework */; };
		C37998F225D16F7500B36BA1 /* Store.swift in Sources */ = {isa = PBXBuildFile; fileRef = C37998F125D16F7500B36BA1 /* Store.swift */; };
		C37B15EB25FB7C23006107BB /* CopyCollectionUIView.swift in Sources */ = {isa = PBXBuildFile; fileRef = C37B15EA25FB7C23006107BB /* CopyCollectionUIView.swift */; };
		C385D49F25B4A88D000D1452 /* EnvironmentController.swift in Sources */ = {isa = PBXBuildFile; fileRef = C385D49E25B4A88D000D1452 /* EnvironmentController.swift */; };
		C385D4A825B4BC2A000D1452 /* PresentationView.swift in Sources */ = {isa = PBXBuildFile; fileRef = C385D4A725B4BC2A000D1452 /* PresentationView.swift */; };
		C393F0E525EFCF7B000738FC /* TitelRowInEditMod.swift in Sources */ = {isa = PBXBuildFile; fileRef = C393F0E425EFCF7B000738FC /* TitelRowInEditMod.swift */; };
		C397F1C325B1DE3B006735EF /* GigView.swift in Sources */ = {isa = PBXBuildFile; fileRef = C397F1C225B1DE3B006735EF /* GigView.swift */; };
		C397F1C825B1E47A006735EF /* SelectGigView.swift in Sources */ = {isa = PBXBuildFile; fileRef = C397F1C725B1E47A006735EF /* SelectGigView.swift */; };
		C3ACB53B25F7C12700754F71 /* TitelCollectionVeiw.swift in Sources */ = {isa = PBXBuildFile; fileRef = C3ACB53A25F7C12700754F71 /* TitelCollectionVeiw.swift */; };
		C3D57F2A25B9DA4F00339082 /* SelectGigSongView.swift in Sources */ = {isa = PBXBuildFile; fileRef = C3D57F2925B9DA4F00339082 /* SelectGigSongView.swift */; };
		C3D57F2F25B9E16700339082 /* GigInfoView.swift in Sources */ = {isa = PBXBuildFile; fileRef = C3D57F2E25B9E16700339082 /* GigInfoView.swift */; };
		C3D57F3725BB193700339082 /* SongRowInGigView.swift in Sources */ = {isa = PBXBuildFile; fileRef = C3D57F3625BB193700339082 /* SongRowInGigView.swift */; };
		C3D6DE5B25F14A09006FA4D0 /* CollectionView.swift in Sources */ = {isa = PBXBuildFile; fileRef = C3D6DE5A25F14A09006FA4D0 /* CollectionView.swift */; };
		C3D6DE6025F19674006FA4D0 /* Collection.swift in Sources */ = {isa = PBXBuildFile; fileRef = C3D6DE5F25F19674006FA4D0 /* Collection.swift */; };
		C3F0F98825AC98960004B66B /* pdfOrgApp.swift in Sources */ = {isa = PBXBuildFile; fileRef = C3F0F98725AC98960004B66B /* pdfOrgApp.swift */; };
		C3F0F98A25AC98960004B66B /* ContentView.swift in Sources */ = {isa = PBXBuildFile; fileRef = C3F0F98925AC98960004B66B /* ContentView.swift */; };
		C3F0F98C25AC98970004B66B /* Assets.xcassets in Resources */ = {isa = PBXBuildFile; fileRef = C3F0F98B25AC98970004B66B /* Assets.xcassets */; };
		C3F0F98F25AC98970004B66B /* Preview Assets.xcassets in Resources */ = {isa = PBXBuildFile; fileRef = C3F0F98E25AC98970004B66B /* Preview Assets.xcassets */; };
		C3F0F99125AC98970004B66B /* Persistence.swift in Sources */ = {isa = PBXBuildFile; fileRef = C3F0F99025AC98970004B66B /* Persistence.swift */; };
		C3F0F99425AC98970004B66B /* pdfOrg.xcdatamodeld in Sources */ = {isa = PBXBuildFile; fileRef = C3F0F99225AC98970004B66B /* pdfOrg.xcdatamodeld */; };
		C3F0F99F25AC98970004B66B /* pdfOrgTests.swift in Sources */ = {isa = PBXBuildFile; fileRef = C3F0F99E25AC98970004B66B /* pdfOrgTests.swift */; };
		C3F0F9AA25AC98970004B66B /* pdfOrgUITests.swift in Sources */ = {isa = PBXBuildFile; fileRef = C3F0F9A925AC98970004B66B /* pdfOrgUITests.swift */; };
		C3F0F9BD25AC9E910004B66B /* LibraryView.swift in Sources */ = {isa = PBXBuildFile; fileRef = C3F0F9BC25AC9E910004B66B /* LibraryView.swift */; };
		C3F0F9C325ACA43F0004B66B /* SearchBar.swift in Sources */ = {isa = PBXBuildFile; fileRef = C3F0F9C225ACA43F0004B66B /* SearchBar.swift */; };
		C3F0F9CB25ACB3DA0004B66B /* LibraryViewExtension.swift in Sources */ = {isa = PBXBuildFile; fileRef = C3F0F9CA25ACB3DA0004B66B /* LibraryViewExtension.swift */; };
		C3F9466F25ACEC78000C5CF1 /* CoverSheetView.swift in Sources */ = {isa = PBXBuildFile; fileRef = C3F9466E25ACEC78000C5CF1 /* CoverSheetView.swift */; };
		C3FA6B9925B0795B00747734 /* SongRowView.swift in Sources */ = {isa = PBXBuildFile; fileRef = C3FA6B9825B0795B00747734 /* SongRowView.swift */; };
		C3FFDB4525E92AE800CFB99E /* CollectionNavigationView.swift in Sources */ = {isa = PBXBuildFile; fileRef = C3FFDB4425E92AE800CFB99E /* CollectionNavigationView.swift */; };
		C3FFDB4A25E95D8800CFB99E /* Collections.swift in Sources */ = {isa = PBXBuildFile; fileRef = C3FFDB4925E95D8800CFB99E /* Collections.swift */; };
/* End PBXBuildFile section */

/* Begin PBXContainerItemProxy section */
		C3F0F99B25AC98970004B66B /* PBXContainerItemProxy */ = {
			isa = PBXContainerItemProxy;
			containerPortal = C3F0F97C25AC98960004B66B /* Project object */;
			proxyType = 1;
			remoteGlobalIDString = C3F0F98325AC98960004B66B;
			remoteInfo = pdfOrg;
		};
		C3F0F9A625AC98970004B66B /* PBXContainerItemProxy */ = {
			isa = PBXContainerItemProxy;
			containerPortal = C3F0F97C25AC98960004B66B /* Project object */;
			proxyType = 1;
			remoteGlobalIDString = C3F0F98325AC98960004B66B;
			remoteInfo = pdfOrg;
		};
/* End PBXContainerItemProxy section */

/* Begin PBXFileReference section */
		C314602B25BC395900D4246F /* GigPDFView.swift */ = {isa = PBXFileReference; lastKnownFileType = sourcecode.swift; path = GigPDFView.swift; sourceTree = "<group>"; };
		C314603025BC5D1700D4246F /* GigSongPDFView.swift */ = {isa = PBXFileReference; lastKnownFileType = sourcecode.swift; path = GigSongPDFView.swift; sourceTree = "<group>"; };
		C314603525BC9A7D00D4246F /* GigPresentationView.swift */ = {isa = PBXFileReference; lastKnownFileType = sourcecode.swift; path = GigPresentationView.swift; sourceTree = "<group>"; };
		C31D403E25B63492009A3EF7 /* BookPresentationView.swift */ = {isa = PBXFileReference; lastKnownFileType = sourcecode.swift; path = BookPresentationView.swift; sourceTree = "<group>"; };
		C32B21EC25F65DF500CA61AE /* AllTitelsView.swift */ = {isa = PBXFileReference; lastKnownFileType = sourcecode.swift; path = AllTitelsView.swift; sourceTree = "<group>"; };
		C32B21F225F6610100CA61AE /* AllTitelsPDFView.swift */ = {isa = PBXFileReference; lastKnownFileType = sourcecode.swift; path = AllTitelsPDFView.swift; sourceTree = "<group>"; };
		C32B21FA25F666D800CA61AE /* AllTitelsLiestView.swift */ = {isa = PBXFileReference; lastKnownFileType = sourcecode.swift; path = AllTitelsLiestView.swift; sourceTree = "<group>"; };
		C32F80CE25C2FC7800F8264C /* PDFViewController.swift */ = {isa = PBXFileReference; lastKnownFileType = sourcecode.swift; path = PDFViewController.swift; sourceTree = "<group>"; };
		C32F80D325C3037000F8264C /* PDFPresentationView.swift */ = {isa = PBXFileReference; lastKnownFileType = sourcecode.swift; path = PDFPresentationView.swift; sourceTree = "<group>"; };
		C330491C25ED3BD60004B31C /* SelectTitelForNewCollectionView.swift */ = {isa = PBXFileReference; lastKnownFileType = sourcecode.swift; path = SelectTitelForNewCollectionView.swift; sourceTree = "<group>"; };
		C33E56E225EC088E0098A5C9 /* Titles.swift */ = {isa = PBXFileReference; lastKnownFileType = sourcecode.swift; path = Titles.swift; sourceTree = "<group>"; };
		C33E56E725EC23B10098A5C9 /* AddCollectionView.swift */ = {isa = PBXFileReference; lastKnownFileType = sourcecode.swift; path = AddCollectionView.swift; sourceTree = "<group>"; };
		C342EF2025B463060004FD38 /* CampfirePDFView.swift */ = {isa = PBXFileReference; lastKnownFileType = sourcecode.swift; path = CampfirePDFView.swift; sourceTree = "<group>"; };
		C342EF2525B463DC0004FD38 /* PDFKitCampireView.swift */ = {isa = PBXFileReference; lastKnownFileType = sourcecode.swift; path = PDFKitCampireView.swift; sourceTree = "<group>"; };
		C347944E25EEAB0B00C44DE0 /* AddTitelRowView.swift */ = {isa = PBXFileReference; lastKnownFileType = sourcecode.swift; path = AddTitelRowView.swift; sourceTree = "<group>"; };
		C347945325EEE87400C44DE0 /* AddTitelPresentationView.swift */ = {isa = PBXFileReference; lastKnownFileType = sourcecode.swift; path = AddTitelPresentationView.swift; sourceTree = "<group>"; };
		C358570725F7967100EC7957 /* CollectionListView.swift */ = {isa = PBXFileReference; lastKnownFileType = sourcecode.swift; path = CollectionListView.swift; sourceTree = "<group>"; };
		C358570C25F7990000EC7957 /* CollectionEditListView.swift */ = {isa = PBXFileReference; lastKnownFileType = sourcecode.swift; path = CollectionEditListView.swift; sourceTree = "<group>"; };
		C365A33F25E5AD750021D00F /* en */ = {isa = PBXFileReference; lastKnownFileType = text.plist.strings; name = en; path = en.lproj/Localizable.strings; sourceTree = "<group>"; };
		C365A34725E5AE9D0021D00F /* de */ = {isa = PBXFileReference; lastKnownFileType = text.plist.strings; name = de; path = de.lproj/Localizable.strings; sourceTree = "<group>"; };
		C36A6E6325AEEFA4005EB5F1 /* BookView.swift */ = {isa = PBXFileReference; lastKnownFileType = sourcecode.swift; path = BookView.swift; sourceTree = "<group>"; };
		C36A6E6825AEF7AE005EB5F1 /* BookInfoView.swift */ = {isa = PBXFileReference; lastKnownFileType = sourcecode.swift; path = BookInfoView.swift; sourceTree = "<group>"; };
		C36A6E6D25AEFD59005EB5F1 /* BookPDFView.swift */ = {isa = PBXFileReference; lastKnownFileType = sourcecode.swift; path = BookPDFView.swift; sourceTree = "<group>"; };
		C36A6E7225AEFE0D005EB5F1 /* PDFKitBookView.swift */ = {isa = PBXFileReference; lastKnownFileType = sourcecode.swift; path = PDFKitBookView.swift; sourceTree = "<group>"; };
		C36A6E7A25AF4E4E005EB5F1 /* BookSongCollectionView.swift */ = {isa = PBXFileReference; lastKnownFileType = sourcecode.swift; path = BookSongCollectionView.swift; sourceTree = "<group>"; };
		C36A6E8825AF691A005EB5F1 /* AddSongPopoverView.swift */ = {isa = PBXFileReference; lastKnownFileType = sourcecode.swift; path = AddSongPopoverView.swift; sourceTree = "<group>"; };
		C374B05925F249C700FEF78C /* CollectionPDFView.swift */ = {isa = PBXFileReference; lastKnownFileType = sourcecode.swift; path = CollectionPDFView.swift; sourceTree = "<group>"; };
		C379904025B34DD400D58D28 /* CampfireView.swift */ = {isa = PBXFileReference; lastKnownFileType = sourcecode.swift; path = CampfireView.swift; sourceTree = "<group>"; };
		C379904925B34E3700D58D28 /* AllSongsView.swift */ = {isa = PBXFileReference; lastKnownFileType = sourcecode.swift; path = AllSongsView.swift; sourceTree = "<group>"; };
		C37998E125D15A3F00B36BA1 /* Configuration.storekit */ = {isa = PBXFileReference; lastKnownFileType = text; path = Configuration.storekit; sourceTree = "<group>"; };
		C37998E725D16BF300B36BA1 /* StoreKit.framework */ = {isa = PBXFileReference; lastKnownFileType = wrapper.framework; name = StoreKit.framework; path = System/Library/Frameworks/StoreKit.framework; sourceTree = SDKROOT; };
		C37998F125D16F7500B36BA1 /* Store.swift */ = {isa = PBXFileReference; lastKnownFileType = sourcecode.swift; path = Store.swift; sourceTree = "<group>"; };
		C37B15EA25FB7C23006107BB /* CopyCollectionUIView.swift */ = {isa = PBXFileReference; lastKnownFileType = sourcecode.swift; path = CopyCollectionUIView.swift; sourceTree = "<group>"; };
		C385D49E25B4A88D000D1452 /* EnvironmentController.swift */ = {isa = PBXFileReference; lastKnownFileType = sourcecode.swift; path = EnvironmentController.swift; sourceTree = "<group>"; };
		C385D4A725B4BC2A000D1452 /* PresentationView.swift */ = {isa = PBXFileReference; lastKnownFileType = sourcecode.swift; path = PresentationView.swift; sourceTree = "<group>"; };
		C393F0E425EFCF7B000738FC /* TitelRowInEditMod.swift */ = {isa = PBXFileReference; lastKnownFileType = sourcecode.swift; path = TitelRowInEditMod.swift; sourceTree = "<group>"; };
		C397F1C225B1DE3B006735EF /* GigView.swift */ = {isa = PBXFileReference; lastKnownFileType = sourcecode.swift; path = GigView.swift; sourceTree = "<group>"; };
		C397F1C725B1E47A006735EF /* SelectGigView.swift */ = {isa = PBXFileReference; lastKnownFileType = sourcecode.swift; path = SelectGigView.swift; sourceTree = "<group>"; };
		C3ACB53A25F7C12700754F71 /* TitelCollectionVeiw.swift */ = {isa = PBXFileReference; lastKnownFileType = sourcecode.swift; path = TitelCollectionVeiw.swift; sourceTree = "<group>"; };
		C3D57F2925B9DA4F00339082 /* SelectGigSongView.swift */ = {isa = PBXFileReference; lastKnownFileType = sourcecode.swift; path = SelectGigSongView.swift; sourceTree = "<group>"; };
		C3D57F2E25B9E16700339082 /* GigInfoView.swift */ = {isa = PBXFileReference; lastKnownFileType = sourcecode.swift; path = GigInfoView.swift; sourceTree = "<group>"; };
		C3D57F3625BB193700339082 /* SongRowInGigView.swift */ = {isa = PBXFileReference; lastKnownFileType = sourcecode.swift; path = SongRowInGigView.swift; sourceTree = "<group>"; };
		C3D6DE5A25F14A09006FA4D0 /* CollectionView.swift */ = {isa = PBXFileReference; lastKnownFileType = sourcecode.swift; path = CollectionView.swift; sourceTree = "<group>"; };
		C3D6DE5F25F19674006FA4D0 /* Collection.swift */ = {isa = PBXFileReference; lastKnownFileType = sourcecode.swift; path = Collection.swift; sourceTree = "<group>"; };
		C3F0F98425AC98960004B66B /* pdfOrg.app */ = {isa = PBXFileReference; explicitFileType = wrapper.application; includeInIndex = 0; path = pdfOrg.app; sourceTree = BUILT_PRODUCTS_DIR; };
		C3F0F98725AC98960004B66B /* pdfOrgApp.swift */ = {isa = PBXFileReference; lastKnownFileType = sourcecode.swift; path = pdfOrgApp.swift; sourceTree = "<group>"; };
		C3F0F98925AC98960004B66B /* ContentView.swift */ = {isa = PBXFileReference; lastKnownFileType = sourcecode.swift; path = ContentView.swift; sourceTree = "<group>"; };
		C3F0F98B25AC98970004B66B /* Assets.xcassets */ = {isa = PBXFileReference; lastKnownFileType = folder.assetcatalog; path = Assets.xcassets; sourceTree = "<group>"; };
		C3F0F98E25AC98970004B66B /* Preview Assets.xcassets */ = {isa = PBXFileReference; lastKnownFileType = folder.assetcatalog; path = "Preview Assets.xcassets"; sourceTree = "<group>"; };
		C3F0F99025AC98970004B66B /* Persistence.swift */ = {isa = PBXFileReference; lastKnownFileType = sourcecode.swift; path = Persistence.swift; sourceTree = "<group>"; };
		C3F0F99325AC98970004B66B /* pdfOrg.xcdatamodel */ = {isa = PBXFileReference; lastKnownFileType = wrapper.xcdatamodel; path = pdfOrg.xcdatamodel; sourceTree = "<group>"; };
		C3F0F99525AC98970004B66B /* Info.plist */ = {isa = PBXFileReference; lastKnownFileType = text.plist.xml; path = Info.plist; sourceTree = "<group>"; };
		C3F0F99A25AC98970004B66B /* pdfOrgTests.xctest */ = {isa = PBXFileReference; explicitFileType = wrapper.cfbundle; includeInIndex = 0; path = pdfOrgTests.xctest; sourceTree = BUILT_PRODUCTS_DIR; };
		C3F0F99E25AC98970004B66B /* pdfOrgTests.swift */ = {isa = PBXFileReference; lastKnownFileType = sourcecode.swift; path = pdfOrgTests.swift; sourceTree = "<group>"; };
		C3F0F9A025AC98970004B66B /* Info.plist */ = {isa = PBXFileReference; lastKnownFileType = text.plist.xml; path = Info.plist; sourceTree = "<group>"; };
		C3F0F9A525AC98970004B66B /* pdfOrgUITests.xctest */ = {isa = PBXFileReference; explicitFileType = wrapper.cfbundle; includeInIndex = 0; path = pdfOrgUITests.xctest; sourceTree = BUILT_PRODUCTS_DIR; };
		C3F0F9A925AC98970004B66B /* pdfOrgUITests.swift */ = {isa = PBXFileReference; lastKnownFileType = sourcecode.swift; path = pdfOrgUITests.swift; sourceTree = "<group>"; };
		C3F0F9AB25AC98970004B66B /* Info.plist */ = {isa = PBXFileReference; lastKnownFileType = text.plist.xml; path = Info.plist; sourceTree = "<group>"; };
		C3F0F9BC25AC9E910004B66B /* LibraryView.swift */ = {isa = PBXFileReference; lastKnownFileType = sourcecode.swift; path = LibraryView.swift; sourceTree = "<group>"; };
		C3F0F9C225ACA43F0004B66B /* SearchBar.swift */ = {isa = PBXFileReference; lastKnownFileType = sourcecode.swift; path = SearchBar.swift; sourceTree = "<group>"; };
		C3F0F9CA25ACB3DA0004B66B /* LibraryViewExtension.swift */ = {isa = PBXFileReference; lastKnownFileType = sourcecode.swift; path = LibraryViewExtension.swift; sourceTree = "<group>"; };
		C3F9466E25ACEC78000C5CF1 /* CoverSheetView.swift */ = {isa = PBXFileReference; lastKnownFileType = sourcecode.swift; path = CoverSheetView.swift; sourceTree = "<group>"; };
		C3FA6B9825B0795B00747734 /* SongRowView.swift */ = {isa = PBXFileReference; lastKnownFileType = sourcecode.swift; path = SongRowView.swift; sourceTree = "<group>"; };
		C3FFDB4425E92AE800CFB99E /* CollectionNavigationView.swift */ = {isa = PBXFileReference; lastKnownFileType = sourcecode.swift; path = CollectionNavigationView.swift; sourceTree = "<group>"; };
		C3FFDB4925E95D8800CFB99E /* Collections.swift */ = {isa = PBXFileReference; lastKnownFileType = sourcecode.swift; path = Collections.swift; sourceTree = "<group>"; };
/* End PBXFileReference section */

/* Begin PBXFrameworksBuildPhase section */
		C3F0F98125AC98960004B66B /* Frameworks */ = {
			isa = PBXFrameworksBuildPhase;
			buildActionMask = 2147483647;
			files = (
				C37998E825D16BF300B36BA1 /* StoreKit.framework in Frameworks */,
			);
			runOnlyForDeploymentPostprocessing = 0;
		};
		C3F0F99725AC98970004B66B /* Frameworks */ = {
			isa = PBXFrameworksBuildPhase;
			buildActionMask = 2147483647;
			files = (
			);
			runOnlyForDeploymentPostprocessing = 0;
		};
		C3F0F9A225AC98970004B66B /* Frameworks */ = {
			isa = PBXFrameworksBuildPhase;
			buildActionMask = 2147483647;
			files = (
			);
			runOnlyForDeploymentPostprocessing = 0;
		};
/* End PBXFrameworksBuildPhase section */

/* Begin PBXGroup section */
		C32B21F125F660E000CA61AE /* allTitels */ = {
			isa = PBXGroup;
			children = (
				C32B21EC25F65DF500CA61AE /* AllTitelsView.swift */,
				C32B21F225F6610100CA61AE /* AllTitelsPDFView.swift */,
				C32B21FA25F666D800CA61AE /* AllTitelsLiestView.swift */,
			);
			path = allTitels;
			sourceTree = "<group>";
		};
		C36A6E6225AEEF7E005EB5F1 /* book */ = {
			isa = PBXGroup;
			children = (
				C36A6E6325AEEFA4005EB5F1 /* BookView.swift */,
				C36A6E6825AEF7AE005EB5F1 /* BookInfoView.swift */,
				C36A6E6D25AEFD59005EB5F1 /* BookPDFView.swift */,
				C36A6E7A25AF4E4E005EB5F1 /* BookSongCollectionView.swift */,
				C3FA6B9825B0795B00747734 /* SongRowView.swift */,
				C36A6E8825AF691A005EB5F1 /* AddSongPopoverView.swift */,
			);
			path = book;
			sourceTree = "<group>";
		};
		C379903F25B34DB800D58D28 /* campfire */ = {
			isa = PBXGroup;
			children = (
				C379904025B34DD400D58D28 /* CampfireView.swift */,
				C379904925B34E3700D58D28 /* AllSongsView.swift */,
				C342EF2025B463060004FD38 /* CampfirePDFView.swift */,
			);
			path = campfire;
			sourceTree = "<group>";
		};
		C37998E525D16B4500B36BA1 /* appStore */ = {
			isa = PBXGroup;
			children = (
				C37998E125D15A3F00B36BA1 /* Configuration.storekit */,
				C37998F125D16F7500B36BA1 /* Store.swift */,
			);
			path = appStore;
			sourceTree = "<group>";
		};
		C37998E625D16BF300B36BA1 /* Frameworks */ = {
			isa = PBXGroup;
			children = (
				C37998E725D16BF300B36BA1 /* StoreKit.framework */,
			);
			name = Frameworks;
			sourceTree = "<group>";
		};
		C385D4A625B4BC17000D1452 /* presentation */ = {
			isa = PBXGroup;
			children = (
				C385D4A725B4BC2A000D1452 /* PresentationView.swift */,
				C31D403E25B63492009A3EF7 /* BookPresentationView.swift */,
				C314603525BC9A7D00D4246F /* GigPresentationView.swift */,
			);
			path = presentation;
			sourceTree = "<group>";
		};
		C397F1C125B1DC6E006735EF /* gig */ = {
			isa = PBXGroup;
			children = (
				C397F1C225B1DE3B006735EF /* GigView.swift */,
				C397F1C725B1E47A006735EF /* SelectGigView.swift */,
				C3D57F2925B9DA4F00339082 /* SelectGigSongView.swift */,
				C3D57F2E25B9E16700339082 /* GigInfoView.swift */,
				C3D57F3625BB193700339082 /* SongRowInGigView.swift */,
				C314602B25BC395900D4246F /* GigPDFView.swift */,
				C314603025BC5D1700D4246F /* GigSongPDFView.swift */,
			);
			path = gig;
			sourceTree = "<group>";
		};
		C3F0F97B25AC98960004B66B = {
			isa = PBXGroup;
			children = (
				C365A34025E5AD750021D00F /* Localizable.strings */,
				C3F0F98625AC98960004B66B /* pdfOrg */,
				C3F0F99D25AC98970004B66B /* pdfOrgTests */,
				C3F0F9A825AC98970004B66B /* pdfOrgUITests */,
				C3F0F98525AC98960004B66B /* Products */,
				C37998E625D16BF300B36BA1 /* Frameworks */,
			);
			sourceTree = "<group>";
			usesTabs = 0;
		};
		C3F0F98525AC98960004B66B /* Products */ = {
			isa = PBXGroup;
			children = (
				C3F0F98425AC98960004B66B /* pdfOrg.app */,
				C3F0F99A25AC98970004B66B /* pdfOrgTests.xctest */,
				C3F0F9A525AC98970004B66B /* pdfOrgUITests.xctest */,
			);
			name = Products;
			sourceTree = "<group>";
		};
		C3F0F98625AC98960004B66B /* pdfOrg */ = {
			isa = PBXGroup;
			children = (
				C3FFDB4225E92A4600CFB99E /* Logic */,
				C3F0F9BA25AC9DED0004B66B /* ui */,
				C37998E525D16B4500B36BA1 /* appStore */,
				C3F0F98725AC98960004B66B /* pdfOrgApp.swift */,
				C3F0F98925AC98960004B66B /* ContentView.swift */,
				C3F0F98B25AC98970004B66B /* Assets.xcassets */,
				C3F0F99025AC98970004B66B /* Persistence.swift */,
				C3F0F99525AC98970004B66B /* Info.plist */,
				C3F0F99225AC98970004B66B /* pdfOrg.xcdatamodeld */,
				C3F0F98D25AC98970004B66B /* Preview Content */,
			);
			path = pdfOrg;
			sourceTree = "<group>";
		};
		C3F0F98D25AC98970004B66B /* Preview Content */ = {
			isa = PBXGroup;
			children = (
				C3F0F98E25AC98970004B66B /* Preview Assets.xcassets */,
			);
			path = "Preview Content";
			sourceTree = "<group>";
		};
		C3F0F99D25AC98970004B66B /* pdfOrgTests */ = {
			isa = PBXGroup;
			children = (
				C3F0F99E25AC98970004B66B /* pdfOrgTests.swift */,
				C3F0F9A025AC98970004B66B /* Info.plist */,
			);
			path = pdfOrgTests;
			sourceTree = "<group>";
		};
		C3F0F9A825AC98970004B66B /* pdfOrgUITests */ = {
			isa = PBXGroup;
			children = (
				C3F0F9A925AC98970004B66B /* pdfOrgUITests.swift */,
				C3F0F9AB25AC98970004B66B /* Info.plist */,
			);
			path = pdfOrgUITests;
			sourceTree = "<group>";
		};
		C3F0F9BA25AC9DED0004B66B /* ui */ = {
			isa = PBXGroup;
			children = (
				C385D49E25B4A88D000D1452 /* EnvironmentController.swift */,
				C385D4A625B4BC17000D1452 /* presentation */,
				C3F0F9C125ACA3F90004B66B /* extensions */,
				C3F0F9BB25AC9DF80004B66B /* library */,
				C36A6E6225AEEF7E005EB5F1 /* book */,
				C3FFDB4325E92A7500CFB99E /* collection */,
				C397F1C125B1DC6E006735EF /* gig */,
				C379903F25B34DB800D58D28 /* campfire */,
			);
			path = ui;
			sourceTree = "<group>";
		};
		C3F0F9BB25AC9DF80004B66B /* library */ = {
			isa = PBXGroup;
			children = (
				C3F0F9BC25AC9E910004B66B /* LibraryView.swift */,
				C3F0F9CA25ACB3DA0004B66B /* LibraryViewExtension.swift */,
				C3F9466E25ACEC78000C5CF1 /* CoverSheetView.swift */,
			);
			path = library;
			sourceTree = "<group>";
		};
		C3F0F9C125ACA3F90004B66B /* extensions */ = {
			isa = PBXGroup;
			children = (
				C3F0F9C225ACA43F0004B66B /* SearchBar.swift */,
				C36A6E7225AEFE0D005EB5F1 /* PDFKitBookView.swift */,
				C342EF2525B463DC0004FD38 /* PDFKitCampireView.swift */,
				C32F80D325C3037000F8264C /* PDFPresentationView.swift */,
				C32F80CE25C2FC7800F8264C /* PDFViewController.swift */,
			);
			path = extensions;
			sourceTree = "<group>";
		};
		C3FFDB4225E92A4600CFB99E /* Logic */ = {
			isa = PBXGroup;
			children = (
				C3FFDB4925E95D8800CFB99E /* Collections.swift */,
				C33E56E225EC088E0098A5C9 /* Titles.swift */,
				C3D6DE5F25F19674006FA4D0 /* Collection.swift */,
			);
			path = Logic;
			sourceTree = "<group>";
		};
		C3FFDB4325E92A7500CFB99E /* collection */ = {
			isa = PBXGroup;
			children = (
				C32B21F125F660E000CA61AE /* allTitels */,
				C3FFDB4425E92AE800CFB99E /* CollectionNavigationView.swift */,
				C33E56E725EC23B10098A5C9 /* AddCollectionView.swift */,
				C330491C25ED3BD60004B31C /* SelectTitelForNewCollectionView.swift */,
				C347944E25EEAB0B00C44DE0 /* AddTitelRowView.swift */,
				C347945325EEE87400C44DE0 /* AddTitelPresentationView.swift */,
				C393F0E425EFCF7B000738FC /* TitelRowInEditMod.swift */,
				C3D6DE5A25F14A09006FA4D0 /* CollectionView.swift */,
				C374B05925F249C700FEF78C /* CollectionPDFView.swift */,
				C358570725F7967100EC7957 /* CollectionListView.swift */,
				C358570C25F7990000EC7957 /* CollectionEditListView.swift */,
				C3ACB53A25F7C12700754F71 /* TitelCollectionVeiw.swift */,
				C37B15EA25FB7C23006107BB /* CopyCollectionUIView.swift */,
			);
			path = collection;
			sourceTree = "<group>";
		};
/* End PBXGroup section */

/* Begin PBXNativeTarget section */
		C3F0F98325AC98960004B66B /* pdfOrg */ = {
			isa = PBXNativeTarget;
			buildConfigurationList = C3F0F9AE25AC98970004B66B /* Build configuration list for PBXNativeTarget "pdfOrg" */;
			buildPhases = (
				C3F0F98025AC98960004B66B /* Sources */,
				C3F0F98125AC98960004B66B /* Frameworks */,
				C3F0F98225AC98960004B66B /* Resources */,
			);
			buildRules = (
			);
			dependencies = (
			);
			name = pdfOrg;
			productName = pdfOrg;
			productReference = C3F0F98425AC98960004B66B /* pdfOrg.app */;
			productType = "com.apple.product-type.application";
		};
		C3F0F99925AC98970004B66B /* pdfOrgTests */ = {
			isa = PBXNativeTarget;
			buildConfigurationList = C3F0F9B125AC98970004B66B /* Build configuration list for PBXNativeTarget "pdfOrgTests" */;
			buildPhases = (
				C3F0F99625AC98970004B66B /* Sources */,
				C3F0F99725AC98970004B66B /* Frameworks */,
				C3F0F99825AC98970004B66B /* Resources */,
			);
			buildRules = (
			);
			dependencies = (
				C3F0F99C25AC98970004B66B /* PBXTargetDependency */,
			);
			name = pdfOrgTests;
			productName = pdfOrgTests;
			productReference = C3F0F99A25AC98970004B66B /* pdfOrgTests.xctest */;
			productType = "com.apple.product-type.bundle.unit-test";
		};
		C3F0F9A425AC98970004B66B /* pdfOrgUITests */ = {
			isa = PBXNativeTarget;
			buildConfigurationList = C3F0F9B425AC98970004B66B /* Build configuration list for PBXNativeTarget "pdfOrgUITests" */;
			buildPhases = (
				C3F0F9A125AC98970004B66B /* Sources */,
				C3F0F9A225AC98970004B66B /* Frameworks */,
				C3F0F9A325AC98970004B66B /* Resources */,
			);
			buildRules = (
			);
			dependencies = (
				C3F0F9A725AC98970004B66B /* PBXTargetDependency */,
			);
			name = pdfOrgUITests;
			productName = pdfOrgUITests;
			productReference = C3F0F9A525AC98970004B66B /* pdfOrgUITests.xctest */;
			productType = "com.apple.product-type.bundle.ui-testing";
		};
/* End PBXNativeTarget section */

/* Begin PBXProject section */
		C3F0F97C25AC98960004B66B /* Project object */ = {
			isa = PBXProject;
			attributes = {
				LastSwiftUpdateCheck = 1230;
				LastUpgradeCheck = 1230;
				TargetAttributes = {
					C3F0F98325AC98960004B66B = {
						CreatedOnToolsVersion = 12.3;
					};
					C3F0F99925AC98970004B66B = {
						CreatedOnToolsVersion = 12.3;
						TestTargetID = C3F0F98325AC98960004B66B;
					};
					C3F0F9A425AC98970004B66B = {
						CreatedOnToolsVersion = 12.3;
						TestTargetID = C3F0F98325AC98960004B66B;
					};
				};
			};
			buildConfigurationList = C3F0F97F25AC98960004B66B /* Build configuration list for PBXProject "pdfOrg" */;
			compatibilityVersion = "Xcode 9.3";
			developmentRegion = en;
			hasScannedForEncodings = 0;
			knownRegions = (
				en,
				Base,
				de,
			);
			mainGroup = C3F0F97B25AC98960004B66B;
			productRefGroup = C3F0F98525AC98960004B66B /* Products */;
			projectDirPath = "";
			projectRoot = "";
			targets = (
				C3F0F98325AC98960004B66B /* pdfOrg */,
				C3F0F99925AC98970004B66B /* pdfOrgTests */,
				C3F0F9A425AC98970004B66B /* pdfOrgUITests */,
			);
		};
/* End PBXProject section */

/* Begin PBXResourcesBuildPhase section */
		C3F0F98225AC98960004B66B /* Resources */ = {
			isa = PBXResourcesBuildPhase;
			buildActionMask = 2147483647;
			files = (
				C3F0F98F25AC98970004B66B /* Preview Assets.xcassets in Resources */,
				C365A33E25E5AD750021D00F /* Localizable.strings in Resources */,
				C3F0F98C25AC98970004B66B /* Assets.xcassets in Resources */,
			);
			runOnlyForDeploymentPostprocessing = 0;
		};
		C3F0F99825AC98970004B66B /* Resources */ = {
			isa = PBXResourcesBuildPhase;
			buildActionMask = 2147483647;
			files = (
			);
			runOnlyForDeploymentPostprocessing = 0;
		};
		C3F0F9A325AC98970004B66B /* Resources */ = {
			isa = PBXResourcesBuildPhase;
			buildActionMask = 2147483647;
			files = (
			);
			runOnlyForDeploymentPostprocessing = 0;
		};
/* End PBXResourcesBuildPhase section */

/* Begin PBXSourcesBuildPhase section */
		C3F0F98025AC98960004B66B /* Sources */ = {
			isa = PBXSourcesBuildPhase;
			buildActionMask = 2147483647;
			files = (
				C32B21ED25F65DF500CA61AE /* AllTitelsView.swift in Sources */,
				C37998F225D16F7500B36BA1 /* Store.swift in Sources */,
				C342EF2625B463DC0004FD38 /* PDFKitCampireView.swift in Sources */,
				C314603625BC9A7D00D4246F /* GigPresentationView.swift in Sources */,
				C36A6E6425AEEFA4005EB5F1 /* BookView.swift in Sources */,
				C3F0F99125AC98970004B66B /* Persistence.swift in Sources */,
				C32B21F325F6610100CA61AE /* AllTitelsPDFView.swift in Sources */,
				C3D57F3725BB193700339082 /* SongRowInGigView.swift in Sources */,
				C36A6E7B25AF4E4E005EB5F1 /* BookSongCollectionView.swift in Sources */,
				C36A6E8925AF691A005EB5F1 /* AddSongPopoverView.swift in Sources */,
				C330491D25ED3BD60004B31C /* SelectTitelForNewCollectionView.swift in Sources */,
				C3F0F9CB25ACB3DA0004B66B /* LibraryViewExtension.swift in Sources */,
				C3F9466F25ACEC78000C5CF1 /* CoverSheetView.swift in Sources */,
				C3F0F99425AC98970004B66B /* pdfOrg.xcdatamodeld in Sources */,
				C37B15EB25FB7C23006107BB /* CopyCollectionUIView.swift in Sources */,
				C385D4A825B4BC2A000D1452 /* PresentationView.swift in Sources */,
				C33E56E325EC088E0098A5C9 /* Titles.swift in Sources */,
				C32F80CF25C2FC7800F8264C /* PDFViewController.swift in Sources */,
				C379904A25B34E3700D58D28 /* AllSongsView.swift in Sources */,
				C3D57F2A25B9DA4F00339082 /* SelectGigSongView.swift in Sources */,
				C36A6E6925AEF7AE005EB5F1 /* BookInfoView.swift in Sources */,
				C3F0F98A25AC98960004B66B /* ContentView.swift in Sources */,
				C3ACB53B25F7C12700754F71 /* TitelCollectionVeiw.swift in Sources */,
				C32F80D425C3037000F8264C /* PDFPresentationView.swift in Sources */,
				C3FA6B9925B0795B00747734 /* SongRowView.swift in Sources */,
				C32B21FB25F666D800CA61AE /* AllTitelsLiestView.swift in Sources */,
				C3D6DE6025F19674006FA4D0 /* Collection.swift in Sources */,
				C3FFDB4A25E95D8800CFB99E /* Collections.swift in Sources */,
				C397F1C325B1DE3B006735EF /* GigView.swift in Sources */,
				C36A6E6E25AEFD59005EB5F1 /* BookPDFView.swift in Sources */,
				C3F0F9BD25AC9E910004B66B /* LibraryView.swift in Sources */,
				C393F0E525EFCF7B000738FC /* TitelRowInEditMod.swift in Sources */,
				C385D49F25B4A88D000D1452 /* EnvironmentController.swift in Sources */,
				C31D403F25B63492009A3EF7 /* BookPresentationView.swift in Sources */,
				C347945425EEE87400C44DE0 /* AddTitelPresentationView.swift in Sources */,
				C3FFDB4525E92AE800CFB99E /* CollectionNavigationView.swift in Sources */,
				C3D6DE5B25F14A09006FA4D0 /* CollectionView.swift in Sources */,
				C3F0F98825AC98960004B66B /* pdfOrgApp.swift in Sources */,
				C33E56E825EC23B10098A5C9 /* AddCollectionView.swift in Sources */,
				C3F0F9C325ACA43F0004B66B /* SearchBar.swift in Sources */,
				C358570825F7967100EC7957 /* CollectionListView.swift in Sources */,
				C374B05A25F249C700FEF78C /* CollectionPDFView.swift in Sources */,
				C3D57F2F25B9E16700339082 /* GigInfoView.swift in Sources */,
				C397F1C825B1E47A006735EF /* SelectGigView.swift in Sources */,
				C347944F25EEAB0B00C44DE0 /* AddTitelRowView.swift in Sources */,
				C358570D25F7990000EC7957 /* CollectionEditListView.swift in Sources */,
				C314603125BC5D1700D4246F /* GigSongPDFView.swift in Sources */,
				C342EF2125B463060004FD38 /* CampfirePDFView.swift in Sources */,
				C36A6E7325AEFE0E005EB5F1 /* PDFKitBookView.swift in Sources */,
				C379904125B34DD400D58D28 /* CampfireView.swift in Sources */,
				C314602C25BC395900D4246F /* GigPDFView.swift in Sources */,
			);
			runOnlyForDeploymentPostprocessing = 0;
		};
		C3F0F99625AC98970004B66B /* Sources */ = {
			isa = PBXSourcesBuildPhase;
			buildActionMask = 2147483647;
			files = (
				C3F0F99F25AC98970004B66B /* pdfOrgTests.swift in Sources */,
			);
			runOnlyForDeploymentPostprocessing = 0;
		};
		C3F0F9A125AC98970004B66B /* Sources */ = {
			isa = PBXSourcesBuildPhase;
			buildActionMask = 2147483647;
			files = (
				C3F0F9AA25AC98970004B66B /* pdfOrgUITests.swift in Sources */,
			);
			runOnlyForDeploymentPostprocessing = 0;
		};
/* End PBXSourcesBuildPhase section */

/* Begin PBXTargetDependency section */
		C3F0F99C25AC98970004B66B /* PBXTargetDependency */ = {
			isa = PBXTargetDependency;
			target = C3F0F98325AC98960004B66B /* pdfOrg */;
			targetProxy = C3F0F99B25AC98970004B66B /* PBXContainerItemProxy */;
		};
		C3F0F9A725AC98970004B66B /* PBXTargetDependency */ = {
			isa = PBXTargetDependency;
			target = C3F0F98325AC98960004B66B /* pdfOrg */;
			targetProxy = C3F0F9A625AC98970004B66B /* PBXContainerItemProxy */;
		};
/* End PBXTargetDependency section */

/* Begin PBXVariantGroup section */
		C365A34025E5AD750021D00F /* Localizable.strings */ = {
			isa = PBXVariantGroup;
			children = (
				C365A33F25E5AD750021D00F /* en */,
				C365A34725E5AE9D0021D00F /* de */,
			);
			name = Localizable.strings;
			sourceTree = "<group>";
		};
/* End PBXVariantGroup section */

/* Begin XCBuildConfiguration section */
		C3F0F9AC25AC98970004B66B /* Debug */ = {
			isa = XCBuildConfiguration;
			buildSettings = {
				ALWAYS_SEARCH_USER_PATHS = NO;
				CLANG_ANALYZER_LOCALIZABILITY_NONLOCALIZED = YES;
				CLANG_ANALYZER_NONNULL = YES;
				CLANG_ANALYZER_NUMBER_OBJECT_CONVERSION = YES_AGGRESSIVE;
				CLANG_CXX_LANGUAGE_STANDARD = "gnu++14";
				CLANG_CXX_LIBRARY = "libc++";
				CLANG_ENABLE_MODULES = YES;
				CLANG_ENABLE_OBJC_ARC = YES;
				CLANG_ENABLE_OBJC_WEAK = YES;
				CLANG_WARN_BLOCK_CAPTURE_AUTORELEASING = YES;
				CLANG_WARN_BOOL_CONVERSION = YES;
				CLANG_WARN_COMMA = YES;
				CLANG_WARN_CONSTANT_CONVERSION = YES;
				CLANG_WARN_DEPRECATED_OBJC_IMPLEMENTATIONS = YES;
				CLANG_WARN_DIRECT_OBJC_ISA_USAGE = YES_ERROR;
				CLANG_WARN_DOCUMENTATION_COMMENTS = YES;
				CLANG_WARN_EMPTY_BODY = YES;
				CLANG_WARN_ENUM_CONVERSION = YES;
				CLANG_WARN_INFINITE_RECURSION = YES;
				CLANG_WARN_INT_CONVERSION = YES;
				CLANG_WARN_NON_LITERAL_NULL_CONVERSION = YES;
				CLANG_WARN_OBJC_IMPLICIT_RETAIN_SELF = YES;
				CLANG_WARN_OBJC_LITERAL_CONVERSION = YES;
				CLANG_WARN_OBJC_ROOT_CLASS = YES_ERROR;
				CLANG_WARN_QUOTED_INCLUDE_IN_FRAMEWORK_HEADER = YES;
				CLANG_WARN_RANGE_LOOP_ANALYSIS = YES;
				CLANG_WARN_STRICT_PROTOTYPES = YES;
				CLANG_WARN_SUSPICIOUS_MOVE = YES;
				CLANG_WARN_UNGUARDED_AVAILABILITY = YES_AGGRESSIVE;
				CLANG_WARN_UNREACHABLE_CODE = YES;
				CLANG_WARN__DUPLICATE_METHOD_MATCH = YES;
				COPY_PHASE_STRIP = NO;
				DEBUG_INFORMATION_FORMAT = dwarf;
				ENABLE_STRICT_OBJC_MSGSEND = YES;
				ENABLE_TESTABILITY = YES;
				GCC_C_LANGUAGE_STANDARD = gnu11;
				GCC_DYNAMIC_NO_PIC = NO;
				GCC_NO_COMMON_BLOCKS = YES;
				GCC_OPTIMIZATION_LEVEL = 0;
				GCC_PREPROCESSOR_DEFINITIONS = (
					"DEBUG=1",
					"$(inherited)",
				);
				GCC_WARN_64_TO_32_BIT_CONVERSION = YES;
				GCC_WARN_ABOUT_RETURN_TYPE = YES_ERROR;
				GCC_WARN_UNDECLARED_SELECTOR = YES;
				GCC_WARN_UNINITIALIZED_AUTOS = YES_AGGRESSIVE;
				GCC_WARN_UNUSED_FUNCTION = YES;
				GCC_WARN_UNUSED_VARIABLE = YES;
				IPHONEOS_DEPLOYMENT_TARGET = 14.3;
				MTL_ENABLE_DEBUG_INFO = INCLUDE_SOURCE;
				MTL_FAST_MATH = YES;
				ONLY_ACTIVE_ARCH = YES;
				SDKROOT = iphoneos;
				SWIFT_ACTIVE_COMPILATION_CONDITIONS = DEBUG;
				SWIFT_OPTIMIZATION_LEVEL = "-Onone";
			};
			name = Debug;
		};
		C3F0F9AD25AC98970004B66B /* Release */ = {
			isa = XCBuildConfiguration;
			buildSettings = {
				ALWAYS_SEARCH_USER_PATHS = NO;
				CLANG_ANALYZER_LOCALIZABILITY_NONLOCALIZED = YES;
				CLANG_ANALYZER_NONNULL = YES;
				CLANG_ANALYZER_NUMBER_OBJECT_CONVERSION = YES_AGGRESSIVE;
				CLANG_CXX_LANGUAGE_STANDARD = "gnu++14";
				CLANG_CXX_LIBRARY = "libc++";
				CLANG_ENABLE_MODULES = YES;
				CLANG_ENABLE_OBJC_ARC = YES;
				CLANG_ENABLE_OBJC_WEAK = YES;
				CLANG_WARN_BLOCK_CAPTURE_AUTORELEASING = YES;
				CLANG_WARN_BOOL_CONVERSION = YES;
				CLANG_WARN_COMMA = YES;
				CLANG_WARN_CONSTANT_CONVERSION = YES;
				CLANG_WARN_DEPRECATED_OBJC_IMPLEMENTATIONS = YES;
				CLANG_WARN_DIRECT_OBJC_ISA_USAGE = YES_ERROR;
				CLANG_WARN_DOCUMENTATION_COMMENTS = YES;
				CLANG_WARN_EMPTY_BODY = YES;
				CLANG_WARN_ENUM_CONVERSION = YES;
				CLANG_WARN_INFINITE_RECURSION = YES;
				CLANG_WARN_INT_CONVERSION = YES;
				CLANG_WARN_NON_LITERAL_NULL_CONVERSION = YES;
				CLANG_WARN_OBJC_IMPLICIT_RETAIN_SELF = YES;
				CLANG_WARN_OBJC_LITERAL_CONVERSION = YES;
				CLANG_WARN_OBJC_ROOT_CLASS = YES_ERROR;
				CLANG_WARN_QUOTED_INCLUDE_IN_FRAMEWORK_HEADER = YES;
				CLANG_WARN_RANGE_LOOP_ANALYSIS = YES;
				CLANG_WARN_STRICT_PROTOTYPES = YES;
				CLANG_WARN_SUSPICIOUS_MOVE = YES;
				CLANG_WARN_UNGUARDED_AVAILABILITY = YES_AGGRESSIVE;
				CLANG_WARN_UNREACHABLE_CODE = YES;
				CLANG_WARN__DUPLICATE_METHOD_MATCH = YES;
				COPY_PHASE_STRIP = NO;
				DEBUG_INFORMATION_FORMAT = "dwarf-with-dsym";
				ENABLE_NS_ASSERTIONS = NO;
				ENABLE_STRICT_OBJC_MSGSEND = YES;
				GCC_C_LANGUAGE_STANDARD = gnu11;
				GCC_NO_COMMON_BLOCKS = YES;
				GCC_WARN_64_TO_32_BIT_CONVERSION = YES;
				GCC_WARN_ABOUT_RETURN_TYPE = YES_ERROR;
				GCC_WARN_UNDECLARED_SELECTOR = YES;
				GCC_WARN_UNINITIALIZED_AUTOS = YES_AGGRESSIVE;
				GCC_WARN_UNUSED_FUNCTION = YES;
				GCC_WARN_UNUSED_VARIABLE = YES;
				IPHONEOS_DEPLOYMENT_TARGET = 14.3;
				MTL_ENABLE_DEBUG_INFO = NO;
				MTL_FAST_MATH = YES;
				SDKROOT = iphoneos;
				SWIFT_COMPILATION_MODE = wholemodule;
				SWIFT_OPTIMIZATION_LEVEL = "-O";
				VALIDATE_PRODUCT = YES;
			};
			name = Release;
		};
		C3F0F9AF25AC98970004B66B /* Debug */ = {
			isa = XCBuildConfiguration;
			buildSettings = {
				ASSETCATALOG_COMPILER_APPICON_NAME = AppIcon;
				ASSETCATALOG_COMPILER_GLOBAL_ACCENT_COLOR_NAME = AccentColor;
				CODE_SIGN_STYLE = Automatic;
				CURRENT_PROJECT_VERSION = 1;
				DEVELOPMENT_ASSET_PATHS = "\"pdfOrg/Preview Content\"";
				DEVELOPMENT_TEAM = R8Z75W6JP7;
				ENABLE_PREVIEWS = YES;
				INFOPLIST_FILE = pdfOrg/Info.plist;
				IPHONEOS_DEPLOYMENT_TARGET = 14.0;
				LD_RUNPATH_SEARCH_PATHS = (
					"$(inherited)",
					"@executable_path/Frameworks",
				);
				MARKETING_VERSION = 0.2;
				PRODUCT_BUNDLE_IDENTIFIER = com.espeter.pdfOrg;
				PRODUCT_NAME = "$(TARGET_NAME)";
				SWIFT_VERSION = 5.0;
				TARGETED_DEVICE_FAMILY = 2;
			};
			name = Debug;
		};
		C3F0F9B025AC98970004B66B /* Release */ = {
			isa = XCBuildConfiguration;
			buildSettings = {
				ASSETCATALOG_COMPILER_APPICON_NAME = AppIcon;
				ASSETCATALOG_COMPILER_GLOBAL_ACCENT_COLOR_NAME = AccentColor;
				CODE_SIGN_STYLE = Automatic;
				CURRENT_PROJECT_VERSION = 1;
				DEVELOPMENT_ASSET_PATHS = "\"pdfOrg/Preview Content\"";
				DEVELOPMENT_TEAM = R8Z75W6JP7;
				ENABLE_PREVIEWS = YES;
				INFOPLIST_FILE = pdfOrg/Info.plist;
				IPHONEOS_DEPLOYMENT_TARGET = 14.0;
				LD_RUNPATH_SEARCH_PATHS = (
					"$(inherited)",
					"@executable_path/Frameworks",
				);
				MARKETING_VERSION = 0.2;
				PRODUCT_BUNDLE_IDENTIFIER = com.espeter.pdfOrg;
				PRODUCT_NAME = "$(TARGET_NAME)";
				SWIFT_VERSION = 5.0;
				TARGETED_DEVICE_FAMILY = 2;
			};
			name = Release;
		};
		C3F0F9B225AC98970004B66B /* Debug */ = {
			isa = XCBuildConfiguration;
			buildSettings = {
				ALWAYS_EMBED_SWIFT_STANDARD_LIBRARIES = YES;
				BUNDLE_LOADER = "$(TEST_HOST)";
				CODE_SIGN_STYLE = Automatic;
				DEVELOPMENT_TEAM = R8Z75W6JP7;
				INFOPLIST_FILE = pdfOrgTests/Info.plist;
				IPHONEOS_DEPLOYMENT_TARGET = 14.0;
				LD_RUNPATH_SEARCH_PATHS = (
					"$(inherited)",
					"@executable_path/Frameworks",
					"@loader_path/Frameworks",
				);
				PRODUCT_BUNDLE_IDENTIFIER = com.espeter.pdfOrgTests;
				PRODUCT_NAME = "$(TARGET_NAME)";
				SWIFT_VERSION = 5.0;
				TARGETED_DEVICE_FAMILY = "1,2";
				TEST_HOST = "$(BUILT_PRODUCTS_DIR)/pdfOrg.app/pdfOrg";
			};
			name = Debug;
		};
		C3F0F9B325AC98970004B66B /* Release */ = {
			isa = XCBuildConfiguration;
			buildSettings = {
				ALWAYS_EMBED_SWIFT_STANDARD_LIBRARIES = YES;
				BUNDLE_LOADER = "$(TEST_HOST)";
				CODE_SIGN_STYLE = Automatic;
				DEVELOPMENT_TEAM = R8Z75W6JP7;
				INFOPLIST_FILE = pdfOrgTests/Info.plist;
				IPHONEOS_DEPLOYMENT_TARGET = 14.0;
				LD_RUNPATH_SEARCH_PATHS = (
					"$(inherited)",
					"@executable_path/Frameworks",
					"@loader_path/Frameworks",
				);
				PRODUCT_BUNDLE_IDENTIFIER = com.espeter.pdfOrgTests;
				PRODUCT_NAME = "$(TARGET_NAME)";
				SWIFT_VERSION = 5.0;
				TARGETED_DEVICE_FAMILY = "1,2";
				TEST_HOST = "$(BUILT_PRODUCTS_DIR)/pdfOrg.app/pdfOrg";
			};
			name = Release;
		};
		C3F0F9B525AC98970004B66B /* Debug */ = {
			isa = XCBuildConfiguration;
			buildSettings = {
				ALWAYS_EMBED_SWIFT_STANDARD_LIBRARIES = YES;
				CODE_SIGN_STYLE = Automatic;
				DEVELOPMENT_TEAM = R8Z75W6JP7;
				INFOPLIST_FILE = pdfOrgUITests/Info.plist;
				LD_RUNPATH_SEARCH_PATHS = (
					"$(inherited)",
					"@executable_path/Frameworks",
					"@loader_path/Frameworks",
				);
				PRODUCT_BUNDLE_IDENTIFIER = com.espeter.pdfOrgUITests;
				PRODUCT_NAME = "$(TARGET_NAME)";
				SWIFT_VERSION = 5.0;
				TARGETED_DEVICE_FAMILY = "1,2";
				TEST_TARGET_NAME = pdfOrg;
			};
			name = Debug;
		};
		C3F0F9B625AC98970004B66B /* Release */ = {
			isa = XCBuildConfiguration;
			buildSettings = {
				ALWAYS_EMBED_SWIFT_STANDARD_LIBRARIES = YES;
				CODE_SIGN_STYLE = Automatic;
				DEVELOPMENT_TEAM = R8Z75W6JP7;
				INFOPLIST_FILE = pdfOrgUITests/Info.plist;
				LD_RUNPATH_SEARCH_PATHS = (
					"$(inherited)",
					"@executable_path/Frameworks",
					"@loader_path/Frameworks",
				);
				PRODUCT_BUNDLE_IDENTIFIER = com.espeter.pdfOrgUITests;
				PRODUCT_NAME = "$(TARGET_NAME)";
				SWIFT_VERSION = 5.0;
				TARGETED_DEVICE_FAMILY = "1,2";
				TEST_TARGET_NAME = pdfOrg;
			};
			name = Release;
		};
/* End XCBuildConfiguration section */

/* Begin XCConfigurationList section */
		C3F0F97F25AC98960004B66B /* Build configuration list for PBXProject "pdfOrg" */ = {
			isa = XCConfigurationList;
			buildConfigurations = (
				C3F0F9AC25AC98970004B66B /* Debug */,
				C3F0F9AD25AC98970004B66B /* Release */,
			);
			defaultConfigurationIsVisible = 0;
			defaultConfigurationName = Release;
		};
		C3F0F9AE25AC98970004B66B /* Build configuration list for PBXNativeTarget "pdfOrg" */ = {
			isa = XCConfigurationList;
			buildConfigurations = (
				C3F0F9AF25AC98970004B66B /* Debug */,
				C3F0F9B025AC98970004B66B /* Release */,
			);
			defaultConfigurationIsVisible = 0;
			defaultConfigurationName = Release;
		};
		C3F0F9B125AC98970004B66B /* Build configuration list for PBXNativeTarget "pdfOrgTests" */ = {
			isa = XCConfigurationList;
			buildConfigurations = (
				C3F0F9B225AC98970004B66B /* Debug */,
				C3F0F9B325AC98970004B66B /* Release */,
			);
			defaultConfigurationIsVisible = 0;
			defaultConfigurationName = Release;
		};
		C3F0F9B425AC98970004B66B /* Build configuration list for PBXNativeTarget "pdfOrgUITests" */ = {
			isa = XCConfigurationList;
			buildConfigurations = (
				C3F0F9B525AC98970004B66B /* Debug */,
				C3F0F9B625AC98970004B66B /* Release */,
			);
			defaultConfigurationIsVisible = 0;
			defaultConfigurationName = Release;
		};
/* End XCConfigurationList section */

/* Begin XCVersionGroup section */
		C3F0F99225AC98970004B66B /* pdfOrg.xcdatamodeld */ = {
			isa = XCVersionGroup;
			children = (
				C3F0F99325AC98970004B66B /* pdfOrg.xcdatamodel */,
			);
			currentVersion = C3F0F99325AC98970004B66B /* pdfOrg.xcdatamodel */;
			path = pdfOrg.xcdatamodeld;
			sourceTree = "<group>";
			versionGroupType = wrapper.xcdatamodel;
		};
/* End XCVersionGroup section */
	};
	rootObject = C3F0F97C25AC98960004B66B /* Project object */;
}
